{
  "object": {
    "pins": [
      {
        "package": "Bond",
        "repositoryURL": "https://github.com/DeclarativeHub/Bond",
        "state": {
          "branch": null,
          "revision": "146943c0bc03a93c48fb6c57db4e39f4b38ba74b",
          "version": "7.8.1"
        }
      },
      {
        "package": "Differ",
        "repositoryURL": "https://github.com/tonyarnold/Differ.git",
        "state": {
          "branch": null,
          "revision": "5520fda947f1f9777a806389c2ba587219bc0538",
          "version": "1.4.6"
        }
      },
      {
        "package": "Kingfisher",
        "repositoryURL": "https://github.com/onevcat/Kingfisher.git",
        "state": {
          "branch": null,
          "revision": "1a7b5480eb750a8e171654b9b1cb0a2cbeb27a55",
          "version": "7.2.1"
        }
      },
      {
        "package": "OHHTTPStubs",
        "repositoryURL": "https://github.com/AliSoftware/OHHTTPStubs",
        "state": {
          "branch": null,
          "revision": "12f19662426d0434d6c330c6974d53e2eb10ecd9",
          "version": "9.1.0"
        }
      },
      {
        "package": "ReactiveKit",
        "repositoryURL": "https://github.com/DeclarativeHub/ReactiveKit.git",
        "state": {
          "branch": null,
          "revision": "dfb63f820aa54946c4cbcbe1b6024863a143d3a2",
          "version": "3.19.1"
        }
      }
    ]
  },
  "version": 1
}
